
Microsoft Visual Studio Solution File, Format Version 12.00
# Visual Studio Version 16
VisualStudioVersion = 16.0.30717.126
MinimumVisualStudioVersion = 10.0.40219.1
Project("{FAE04EC0-301F-11D3-BF4B-00C04F79EFBC}") = "Assignmnet_4.1", "Assignmnet_4.1\Assignmnet_4.1.csproj", "{E8D9A8E1-6E57-44FA-9608-F7E274B9DA73}"
EndProject
Project("{FAE04EC0-301F-11D3-BF4B-00C04F79EFBC}") = "Assignment_4.2", "Assignment_4.2\Assignment_4.2.csproj", "{2E7A5217-FC7B-43DA-B431-73BFE0837416}"
EndProject
Project("{FAE04EC0-301F-11D3-BF4B-00C04F79EFBC}") = "Assignment_4.3", "Assignment_4.3\Assignment_4.3.csproj", "{874CDD3B-329C-4334-8E85-E35A7D213FC2}"
EndProject
Global
	GlobalSection(SolutionConfigurationPlatforms) = preSolution
		Debug|Any CPU = Debug|Any CPU
		Release|Any CPU = Release|Any CPU
	EndGlobalSection
	GlobalSection(ProjectConfigurationPlatforms) = postSolution
		{E8D9A8E1-6E57-44FA-9608-F7E274B9DA73}.Debug|Any CPU.ActiveCfg = Debug|Any CPU
		{E8D9A8E1-6E57-44FA-9608-F7E274B9DA73}.Debug|Any CPU.Build.0 = Debug|Any CPU
		{E8D9A8E1-6E57-44FA-9608-F7E274B9DA73}.Release|Any CPU.ActiveCfg = Release|Any CPU
		{E8D9A8E1-6E57-44FA-9608-F7E274B9DA73}.Release|Any CPU.Build.0 = Release|Any CPU
		{2E7A5217-FC7B-43DA-B431-73BFE0837416}.Debug|Any CPU.ActiveCfg = Debug|Any CPU
		{2E7A5217-FC7B-43DA-B431-73BFE0837416}.Debug|Any CPU.Build.0 = Debug|Any CPU
		{2E7A5217-FC7B-43DA-B431-73BFE0837416}.Release|Any CPU.ActiveCfg = Release|Any CPU
		{2E7A5217-FC7B-43DA-B431-73BFE0837416}.Release|Any CPU.Build.0 = Release|Any CPU
		{874CDD3B-329C-4334-8E85-E35A7D213FC2}.Debug|Any CPU.ActiveCfg = Debug|Any CPU
		{874CDD3B-329C-4334-8E85-E35A7D213FC2}.Debug|Any CPU.Build.0 = Debug|Any CPU
		{874CDD3B-329C-4334-8E85-E35A7D213FC2}.Release|Any CPU.ActiveCfg = Release|Any CPU
		{874CDD3B-329C-4334-8E85-E35A7D213FC2}.Release|Any CPU.Build.0 = Release|Any CPU
	EndGlobalSection
	GlobalSection(SolutionProperties) = preSolution
		HideSolutionNode = FALSE
	EndGlobalSection
	GlobalSection(ExtensibilityGlobals) = postSolution
		SolutionGuid = {8D89ABFE-BA3B-4D76-8447-4C0DB2B30CE3}
	EndGlobalSection
EndGlobal
