
Microsoft Visual Studio Solution File, Format Version 12.00
# Visual Studio Version 16
VisualStudioVersion = 16.0.30717.126
MinimumVisualStudioVersion = 10.0.40219.1
Project("{FAE04EC0-301F-11D3-BF4B-00C04F79EFBC}") = "InheritanceExample", "InheritanceExample\InheritanceExample.csproj", "{FA4464AC-14DE-40A7-A856-038CC6306D90}"
EndProject
Project("{FAE04EC0-301F-11D3-BF4B-00C04F79EFBC}") = "Assignment_2", "Assignment_2\Assignment_2.csproj", "{0E36ABD9-A078-4992-8FC1-8C48B12C8DA7}"
EndProject
Project("{FAE04EC0-301F-11D3-BF4B-00C04F79EFBC}") = "Assignmet__2", "Assignmet__2\Assignmet__2.csproj", "{A9276315-44D0-467D-9FEE-0FA487E305A7}"
EndProject
Global
	GlobalSection(SolutionConfigurationPlatforms) = preSolution
		Debug|Any CPU = Debug|Any CPU
		Release|Any CPU = Release|Any CPU
	EndGlobalSection
	GlobalSection(ProjectConfigurationPlatforms) = postSolution
		{FA4464AC-14DE-40A7-A856-038CC6306D90}.Debug|Any CPU.ActiveCfg = Debug|Any CPU
		{FA4464AC-14DE-40A7-A856-038CC6306D90}.Debug|Any CPU.Build.0 = Debug|Any CPU
		{FA4464AC-14DE-40A7-A856-038CC6306D90}.Release|Any CPU.ActiveCfg = Release|Any CPU
		{FA4464AC-14DE-40A7-A856-038CC6306D90}.Release|Any CPU.Build.0 = Release|Any CPU
		{0E36ABD9-A078-4992-8FC1-8C48B12C8DA7}.Debug|Any CPU.ActiveCfg = Debug|Any CPU
		{0E36ABD9-A078-4992-8FC1-8C48B12C8DA7}.Debug|Any CPU.Build.0 = Debug|Any CPU
		{0E36ABD9-A078-4992-8FC1-8C48B12C8DA7}.Release|Any CPU.ActiveCfg = Release|Any CPU
		{0E36ABD9-A078-4992-8FC1-8C48B12C8DA7}.Release|Any CPU.Build.0 = Release|Any CPU
		{A9276315-44D0-467D-9FEE-0FA487E305A7}.Debug|Any CPU.ActiveCfg = Debug|Any CPU
		{A9276315-44D0-467D-9FEE-0FA487E305A7}.Debug|Any CPU.Build.0 = Debug|Any CPU
		{A9276315-44D0-467D-9FEE-0FA487E305A7}.Release|Any CPU.ActiveCfg = Release|Any CPU
		{A9276315-44D0-467D-9FEE-0FA487E305A7}.Release|Any CPU.Build.0 = Release|Any CPU
	EndGlobalSection
	GlobalSection(SolutionProperties) = preSolution
		HideSolutionNode = FALSE
	EndGlobalSection
	GlobalSection(ExtensibilityGlobals) = postSolution
		SolutionGuid = {D969D620-DA74-43E8-BDF8-C0AA15C45383}
	EndGlobalSection
EndGlobal
