
Microsoft Visual Studio Solution File, Format Version 12.00
# Visual Studio Version 16
VisualStudioVersion = 16.0.30717.126
MinimumVisualStudioVersion = 10.0.40219.1
Project("{FAE04EC0-301F-11D3-BF4B-00C04F79EFBC}") = "DataBaseExample", "DataBaseExample\DataBaseExample.csproj", "{4436B693-F6B0-443B-80BA-A7C7F7EA7AC0}"
EndProject
Global
	GlobalSection(SolutionConfigurationPlatforms) = preSolution
		Debug|Any CPU = Debug|Any CPU
		Release|Any CPU = Release|Any CPU
	EndGlobalSection
	GlobalSection(ProjectConfigurationPlatforms) = postSolution
		{4436B693-F6B0-443B-80BA-A7C7F7EA7AC0}.Debug|Any CPU.ActiveCfg = Debug|Any CPU
		{4436B693-F6B0-443B-80BA-A7C7F7EA7AC0}.Debug|Any CPU.Build.0 = Debug|Any CPU
		{4436B693-F6B0-443B-80BA-A7C7F7EA7AC0}.Release|Any CPU.ActiveCfg = Release|Any CPU
		{4436B693-F6B0-443B-80BA-A7C7F7EA7AC0}.Release|Any CPU.Build.0 = Release|Any CPU
	EndGlobalSection
	GlobalSection(SolutionProperties) = preSolution
		HideSolutionNode = FALSE
	EndGlobalSection
	GlobalSection(ExtensibilityGlobals) = postSolution
		SolutionGuid = {A6B0FE2E-B3E0-4447-8949-1B7EA7DF901A}
	EndGlobalSection
EndGlobal
