
Microsoft Visual Studio Solution File, Format Version 12.00
# Visual Studio Version 16
VisualStudioVersion = 16.0.30717.126
MinimumVisualStudioVersion = 10.0.40219.1
Project("{FAE04EC0-301F-11D3-BF4B-00C04F79EFBC}") = "WpfApp1", "WpfApp1\WpfApp1.csproj", "{68F10DDE-3464-4C8B-8E28-0EDD62F9565E}"
EndProject
Global
	GlobalSection(SolutionConfigurationPlatforms) = preSolution
		Debug|Any CPU = Debug|Any CPU
		Release|Any CPU = Release|Any CPU
	EndGlobalSection
	GlobalSection(ProjectConfigurationPlatforms) = postSolution
		{68F10DDE-3464-4C8B-8E28-0EDD62F9565E}.Debug|Any CPU.ActiveCfg = Debug|Any CPU
		{68F10DDE-3464-4C8B-8E28-0EDD62F9565E}.Debug|Any CPU.Build.0 = Debug|Any CPU
		{68F10DDE-3464-4C8B-8E28-0EDD62F9565E}.Release|Any CPU.ActiveCfg = Release|Any CPU
		{68F10DDE-3464-4C8B-8E28-0EDD62F9565E}.Release|Any CPU.Build.0 = Release|Any CPU
	EndGlobalSection
	GlobalSection(SolutionProperties) = preSolution
		HideSolutionNode = FALSE
	EndGlobalSection
	GlobalSection(ExtensibilityGlobals) = postSolution
		SolutionGuid = {5ABED391-9F2F-474E-B969-105B4C778EE7}
	EndGlobalSection
EndGlobal
