
Microsoft Visual Studio Solution File, Format Version 12.00
# Visual Studio Version 16
VisualStudioVersion = 16.0.30717.126
MinimumVisualStudioVersion = 10.0.40219.1
Project("{FAE04EC0-301F-11D3-BF4B-00C04F79EFBC}") = "ClassBasics", "ClassBasics\ClassBasics.csproj", "{2C5138B4-A0C5-4805-AA33-819F18DB194F}"
EndProject
Project("{FAE04EC0-301F-11D3-BF4B-00C04F79EFBC}") = "StaticMembers", "StaticMembers\StaticMembers.csproj", "{261A0274-1BC0-4766-A461-A5C8AF9167DE}"
EndProject
Project("{FAE04EC0-301F-11D3-BF4B-00C04F79EFBC}") = "InheritanceExample", "InheritanceExample\InheritanceExample.csproj", "{EDFA1CBC-9DEA-49DF-A5D4-62BFBE0FFDB1}"
EndProject
Project("{FAE04EC0-301F-11D3-BF4B-00C04F79EFBC}") = "AccessSpecifiers", "AccessSpecifiers\AccessSpecifiers.csproj", "{8C299D27-A4E8-4E72-B7CA-2F92C0AC7D59}"
EndProject
Project("{FAE04EC0-301F-11D3-BF4B-00C04F79EFBC}") = "Assignment_1", "Assignment_1\Assignment_1.csproj", "{40A378D3-3F36-46AA-961C-2AAD4E8E4462}"
EndProject
Global
	GlobalSection(SolutionConfigurationPlatforms) = preSolution
		Debug|Any CPU = Debug|Any CPU
		Release|Any CPU = Release|Any CPU
	EndGlobalSection
	GlobalSection(ProjectConfigurationPlatforms) = postSolution
		{2C5138B4-A0C5-4805-AA33-819F18DB194F}.Debug|Any CPU.ActiveCfg = Debug|Any CPU
		{2C5138B4-A0C5-4805-AA33-819F18DB194F}.Debug|Any CPU.Build.0 = Debug|Any CPU
		{2C5138B4-A0C5-4805-AA33-819F18DB194F}.Release|Any CPU.ActiveCfg = Release|Any CPU
		{2C5138B4-A0C5-4805-AA33-819F18DB194F}.Release|Any CPU.Build.0 = Release|Any CPU
		{261A0274-1BC0-4766-A461-A5C8AF9167DE}.Debug|Any CPU.ActiveCfg = Debug|Any CPU
		{261A0274-1BC0-4766-A461-A5C8AF9167DE}.Debug|Any CPU.Build.0 = Debug|Any CPU
		{261A0274-1BC0-4766-A461-A5C8AF9167DE}.Release|Any CPU.ActiveCfg = Release|Any CPU
		{261A0274-1BC0-4766-A461-A5C8AF9167DE}.Release|Any CPU.Build.0 = Release|Any CPU
		{EDFA1CBC-9DEA-49DF-A5D4-62BFBE0FFDB1}.Debug|Any CPU.ActiveCfg = Debug|Any CPU
		{EDFA1CBC-9DEA-49DF-A5D4-62BFBE0FFDB1}.Debug|Any CPU.Build.0 = Debug|Any CPU
		{EDFA1CBC-9DEA-49DF-A5D4-62BFBE0FFDB1}.Release|Any CPU.ActiveCfg = Release|Any CPU
		{EDFA1CBC-9DEA-49DF-A5D4-62BFBE0FFDB1}.Release|Any CPU.Build.0 = Release|Any CPU
		{8C299D27-A4E8-4E72-B7CA-2F92C0AC7D59}.Debug|Any CPU.ActiveCfg = Debug|Any CPU
		{8C299D27-A4E8-4E72-B7CA-2F92C0AC7D59}.Debug|Any CPU.Build.0 = Debug|Any CPU
		{8C299D27-A4E8-4E72-B7CA-2F92C0AC7D59}.Release|Any CPU.ActiveCfg = Release|Any CPU
		{8C299D27-A4E8-4E72-B7CA-2F92C0AC7D59}.Release|Any CPU.Build.0 = Release|Any CPU
		{40A378D3-3F36-46AA-961C-2AAD4E8E4462}.Debug|Any CPU.ActiveCfg = Debug|Any CPU
		{40A378D3-3F36-46AA-961C-2AAD4E8E4462}.Debug|Any CPU.Build.0 = Debug|Any CPU
		{40A378D3-3F36-46AA-961C-2AAD4E8E4462}.Release|Any CPU.ActiveCfg = Release|Any CPU
		{40A378D3-3F36-46AA-961C-2AAD4E8E4462}.Release|Any CPU.Build.0 = Release|Any CPU
	EndGlobalSection
	GlobalSection(SolutionProperties) = preSolution
		HideSolutionNode = FALSE
	EndGlobalSection
	GlobalSection(ExtensibilityGlobals) = postSolution
		SolutionGuid = {28789ED4-866E-45F9-8B6E-FDC165FA0BDF}
	EndGlobalSection
EndGlobal
